
Microsoft Visual Studio Solution File, Format Version 11.00
# Visual Studio 2010
Project("{FAE04EC0-301F-11D3-BF4B-00C04F79EFBC}") = "C#console", "C#console\C#console.csproj", "{7CFBC3E9-8F3A-4B5A-9C87-508965B4E1DE}"
EndProject
Global
	GlobalSection(SolutionConfigurationPlatforms) = preSolution
		Debug|x86 = Debug|x86
		Release|x86 = Release|x86
	EndGlobalSection
	GlobalSection(ProjectConfigurationPlatforms) = postSolution
		{7CFBC3E9-8F3A-4B5A-9C87-508965B4E1DE}.Debug|x86.ActiveCfg = Debug|x86
		{7CFBC3E9-8F3A-4B5A-9C87-508965B4E1DE}.Debug|x86.Build.0 = Debug|x86
		{7CFBC3E9-8F3A-4B5A-9C87-508965B4E1DE}.Release|x86.ActiveCfg = Release|x86
		{7CFBC3E9-8F3A-4B5A-9C87-508965B4E1DE}.Release|x86.Build.0 = Release|x86
	EndGlobalSection
	GlobalSection(MonoDevelopProperties) = preSolution
		StartupItem = C#console\C#console.csproj
	EndGlobalSection
EndGlobal
